
Microsoft Visual Studio Solution File, Format Version 12.00
# Visual Studio Version 16
VisualStudioVersion = 16.0.30621.155
MinimumVisualStudioVersion = 10.0.40219.1
Project("{FAE04EC0-301F-11D3-BF4B-00C04F79EFBC}") = "Prueba-Migraciones", "Prueba-Migraciones\Prueba-Migraciones.csproj", "{EF94CD10-BD42-4D46-BEC9-0EE5A1733F28}"
EndProject
Global
	GlobalSection(SolutionConfigurationPlatforms) = preSolution
		Debug|Any CPU = Debug|Any CPU
		Release|Any CPU = Release|Any CPU
	EndGlobalSection
	GlobalSection(ProjectConfigurationPlatforms) = postSolution
		{EF94CD10-BD42-4D46-BEC9-0EE5A1733F28}.Debug|Any CPU.ActiveCfg = Debug|Any CPU
		{EF94CD10-BD42-4D46-BEC9-0EE5A1733F28}.Debug|Any CPU.Build.0 = Debug|Any CPU
		{EF94CD10-BD42-4D46-BEC9-0EE5A1733F28}.Release|Any CPU.ActiveCfg = Release|Any CPU
		{EF94CD10-BD42-4D46-BEC9-0EE5A1733F28}.Release|Any CPU.Build.0 = Release|Any CPU
	EndGlobalSection
	GlobalSection(SolutionProperties) = preSolution
		HideSolutionNode = FALSE
	EndGlobalSection
	GlobalSection(ExtensibilityGlobals) = postSolution
		SolutionGuid = {1EF3AC80-D736-4515-A8BF-67ED6AC7E533}
	EndGlobalSection
EndGlobal
